
Microsoft Visual Studio Solution File, Format Version 12.00
# Visual Studio Version 16
VisualStudioVersion = 16.0.29418.71
MinimumVisualStudioVersion = 10.0.40219.1
Project("{9A19103F-16F7-4668-BE54-9A1E7A4F7556}") = "app4", "app4\app4.csproj", "{D73B94A6-2AE1-44C3-A55E-521090B68A46}"
EndProject
Project("{9A19103F-16F7-4668-BE54-9A1E7A4F7556}") = "app3", "C:\Users\User\source\repos\app3\app3\app3.csproj", "{1F609009-DAAC-4737-B1CF-C44E445BF95D}"
EndProject
Global
	GlobalSection(SolutionConfigurationPlatforms) = preSolution
		Debug|Any CPU = Debug|Any CPU
		Release|Any CPU = Release|Any CPU
	EndGlobalSection
	GlobalSection(ProjectConfigurationPlatforms) = postSolution
		{D73B94A6-2AE1-44C3-A55E-521090B68A46}.Debug|Any CPU.ActiveCfg = Debug|Any CPU
		{D73B94A6-2AE1-44C3-A55E-521090B68A46}.Debug|Any CPU.Build.0 = Debug|Any CPU
		{D73B94A6-2AE1-44C3-A55E-521090B68A46}.Release|Any CPU.ActiveCfg = Release|Any CPU
		{D73B94A6-2AE1-44C3-A55E-521090B68A46}.Release|Any CPU.Build.0 = Release|Any CPU
		{1F609009-DAAC-4737-B1CF-C44E445BF95D}.Debug|Any CPU.ActiveCfg = Debug|Any CPU
		{1F609009-DAAC-4737-B1CF-C44E445BF95D}.Debug|Any CPU.Build.0 = Debug|Any CPU
		{1F609009-DAAC-4737-B1CF-C44E445BF95D}.Release|Any CPU.ActiveCfg = Release|Any CPU
		{1F609009-DAAC-4737-B1CF-C44E445BF95D}.Release|Any CPU.Build.0 = Release|Any CPU
	EndGlobalSection
	GlobalSection(SolutionProperties) = preSolution
		HideSolutionNode = FALSE
	EndGlobalSection
	GlobalSection(ExtensibilityGlobals) = postSolution
		SolutionGuid = {3D3FD267-8973-40CF-AF2D-56C2B282E520}
	EndGlobalSection
EndGlobal
